// !$*UTF8*$!
{
	archiveVersion = 1;
	classes = {
	};
	objectVersion = 56;
	objects = {

/* Begin PBXBuildFile section */
		9057C65B2D588C80003C345E /* BaseFunManager.swift in Sources */ = {isa = PBXBuildFile; fileRef = 9057C65A2D588C80003C345E /* BaseFunManager.swift */; };
		9057C65D2D5896CE003C345E /* shiyidelucheng.ttf in Resources */ = {isa = PBXBuildFile; fileRef = 9057C65C2D5896CE003C345E /* shiyidelucheng.ttf */; };
		907682CE2D585A4E002F3FEF /* AppDelegate.swift in Sources */ = {isa = PBXBuildFile; fileRef = 907682CD2D585A4E002F3FEF /* AppDelegate.swift */; };
		907682D22D585A4E002F3FEF /* ViewController.swift in Sources */ = {isa = PBXBuildFile; fileRef = 907682D12D585A4E002F3FEF /* ViewController.swift */; };
		907682D82D585A4E002F3FEF /* IOS_UIKit.xcdatamodeld in Sources */ = {isa = PBXBuildFile; fileRef = 907682D62D585A4E002F3FEF /* IOS_UIKit.xcdatamodeld */; };
		907682DA2D585A50002F3FEF /* Assets.xcassets in Resources */ = {isa = PBXBuildFile; fileRef = 907682D92D585A50002F3FEF /* Assets.xcassets */; };
		907682DD2D585A50002F3FEF /* Base in Resources */ = {isa = PBXBuildFile; fileRef = 907682DC2D585A50002F3FEF /* Base */; };
		907682E82D585A50002F3FEF /* IOS_UIKitTests.swift in Sources */ = {isa = PBXBuildFile; fileRef = 907682E72D585A50002F3FEF /* IOS_UIKitTests.swift */; };
		907682F22D585A50002F3FEF /* IOS_UIKitUITests.swift in Sources */ = {isa = PBXBuildFile; fileRef = 907682F12D585A50002F3FEF /* IOS_UIKitUITests.swift */; };
		907682F42D585A50002F3FEF /* IOS_UIKitUITestsLaunchTests.swift in Sources */ = {isa = PBXBuildFile; fileRef = 907682F32D585A50002F3FEF /* IOS_UIKitUITestsLaunchTests.swift */; };
		907683032D585B10002F3FEF /* Constants.swift in Sources */ = {isa = PBXBuildFile; fileRef = 907683022D585B10002F3FEF /* Constants.swift */; };
		907683062D585BEC002F3FEF /* UINSController.swift in Sources */ = {isa = PBXBuildFile; fileRef = 907683052D585BEC002F3FEF /* UINSController.swift */; };
		907683082D585C62002F3FEF /* NotificationName.swift in Sources */ = {isa = PBXBuildFile; fileRef = 907683072D585C62002F3FEF /* NotificationName.swift */; };
		9076830C2D58687C002F3FEF /* CoreData.swift in Sources */ = {isa = PBXBuildFile; fileRef = 9076830B2D58687C002F3FEF /* CoreData.swift */; };
		9076834A2D586C64002F3FEF /* PageControlRoute.swift in Sources */ = {isa = PBXBuildFile; fileRef = 907683492D586C64002F3FEF /* PageControlRoute.swift */; };
		9076834C2D586EA6002F3FEF /* UIViewController.swift in Sources */ = {isa = PBXBuildFile; fileRef = 9076834B2D586EA6002F3FEF /* UIViewController.swift */; };
		9076834E2D5873A1002F3FEF /* UIApplication.swift in Sources */ = {isa = PBXBuildFile; fileRef = 9076834D2D5873A1002F3FEF /* UIApplication.swift */; };
		907683562D587516002F3FEF /* WelcomeController.swift in Sources */ = {isa = PBXBuildFile; fileRef = 907683552D587516002F3FEF /* WelcomeController.swift */; };
		9076835A2D58766F002F3FEF /* TabBarController.swift in Sources */ = {isa = PBXBuildFile; fileRef = 907683592D58766F002F3FEF /* TabBarController.swift */; };
		9076836E2D587823002F3FEF /* UserListController.swift in Sources */ = {isa = PBXBuildFile; fileRef = 9076836D2D587823002F3FEF /* UserListController.swift */; };
		907683712D587844002F3FEF /* CommunityController.swift in Sources */ = {isa = PBXBuildFile; fileRef = 907683702D587844002F3FEF /* CommunityController.swift */; };
		907683732D58784E002F3FEF /* MeController.swift in Sources */ = {isa = PBXBuildFile; fileRef = 907683722D58784E002F3FEF /* MeController.swift */; };
		907683762D58793B002F3FEF /* NetWorkManager.swift in Sources */ = {isa = PBXBuildFile; fileRef = 907683752D58793B002F3FEF /* NetWorkManager.swift */; };
		907683782D587948002F3FEF /* CacheManager.swift in Sources */ = {isa = PBXBuildFile; fileRef = 907683772D587948002F3FEF /* CacheManager.swift */; };
		9076837A2D587959002F3FEF /* VideoPalyerManager.swift in Sources */ = {isa = PBXBuildFile; fileRef = 907683792D587959002F3FEF /* VideoPalyerManager.swift */; };
		9076837C2D587975002F3FEF /* StoreKitManager.swift in Sources */ = {isa = PBXBuildFile; fileRef = 9076837B2D587975002F3FEF /* StoreKitManager.swift */; };
		9076837E2D58799E002F3FEF /* WebSocketManager.swift in Sources */ = {isa = PBXBuildFile; fileRef = 9076837D2D58799E002F3FEF /* WebSocketManager.swift */; };
		907683832D58841F002F3FEF /* superwild-nax0j.ttf in Resources */ = {isa = PBXBuildFile; fileRef = 907683822D58841F002F3FEF /* superwild-nax0j.ttf */; };
/* End PBXBuildFile section */

/* Begin PBXContainerItemProxy section */
		907682E42D585A50002F3FEF /* PBXContainerItemProxy */ = {
			isa = PBXContainerItemProxy;
			containerPortal = 907682C22D585A4E002F3FEF /* Project object */;
			proxyType = 1;
			remoteGlobalIDString = 907682C92D585A4E002F3FEF;
			remoteInfo = IOS_UIKit;
		};
		907682EE2D585A50002F3FEF /* PBXContainerItemProxy */ = {
			isa = PBXContainerItemProxy;
			containerPortal = 907682C22D585A4E002F3FEF /* Project object */;
			proxyType = 1;
			remoteGlobalIDString = 907682C92D585A4E002F3FEF;
			remoteInfo = IOS_UIKit;
		};
/* End PBXContainerItemProxy section */

/* Begin PBXFileReference section */
		9057C65A2D588C80003C345E /* BaseFunManager.swift */ = {isa = PBXFileReference; lastKnownFileType = sourcecode.swift; path = BaseFunManager.swift; sourceTree = "<group>"; };
		9057C65C2D5896CE003C345E /* shiyidelucheng.ttf */ = {isa = PBXFileReference; lastKnownFileType = file; path = shiyidelucheng.ttf; sourceTree = "<group>"; };
		907682CA2D585A4E002F3FEF /* IOS_UIKit.app */ = {isa = PBXFileReference; explicitFileType = wrapper.application; includeInIndex = 0; path = IOS_UIKit.app; sourceTree = BUILT_PRODUCTS_DIR; };
		907682CD2D585A4E002F3FEF /* AppDelegate.swift */ = {isa = PBXFileReference; lastKnownFileType = sourcecode.swift; path = AppDelegate.swift; sourceTree = "<group>"; };
		907682D12D585A4E002F3FEF /* ViewController.swift */ = {isa = PBXFileReference; lastKnownFileType = sourcecode.swift; path = ViewController.swift; sourceTree = "<group>"; };
		907682D72D585A4E002F3FEF /* IOS_UIKit.xcdatamodel */ = {isa = PBXFileReference; lastKnownFileType = wrapper.xcdatamodel; path = IOS_UIKit.xcdatamodel; sourceTree = "<group>"; };
		907682D92D585A50002F3FEF /* Assets.xcassets */ = {isa = PBXFileReference; lastKnownFileType = folder.assetcatalog; path = Assets.xcassets; sourceTree = "<group>"; };
		907682DC2D585A50002F3FEF /* Base */ = {isa = PBXFileReference; lastKnownFileType = file.storyboard; name = Base; path = Base.lproj/LaunchScreen.storyboard; sourceTree = "<group>"; };
		907682DE2D585A50002F3FEF /* Info.plist */ = {isa = PBXFileReference; lastKnownFileType = text.plist.xml; path = Info.plist; sourceTree = "<group>"; };
		907682E32D585A50002F3FEF /* IOS_UIKitTests.xctest */ = {isa = PBXFileReference; explicitFileType = wrapper.cfbundle; includeInIndex = 0; path = IOS_UIKitTests.xctest; sourceTree = BUILT_PRODUCTS_DIR; };
		907682E72D585A50002F3FEF /* IOS_UIKitTests.swift */ = {isa = PBXFileReference; lastKnownFileType = sourcecode.swift; path = IOS_UIKitTests.swift; sourceTree = "<group>"; };
		907682ED2D585A50002F3FEF /* IOS_UIKitUITests.xctest */ = {isa = PBXFileReference; explicitFileType = wrapper.cfbundle; includeInIndex = 0; path = IOS_UIKitUITests.xctest; sourceTree = BUILT_PRODUCTS_DIR; };
		907682F12D585A50002F3FEF /* IOS_UIKitUITests.swift */ = {isa = PBXFileReference; lastKnownFileType = sourcecode.swift; path = IOS_UIKitUITests.swift; sourceTree = "<group>"; };
		907682F32D585A50002F3FEF /* IOS_UIKitUITestsLaunchTests.swift */ = {isa = PBXFileReference; lastKnownFileType = sourcecode.swift; path = IOS_UIKitUITestsLaunchTests.swift; sourceTree = "<group>"; };
		907683022D585B10002F3FEF /* Constants.swift */ = {isa = PBXFileReference; lastKnownFileType = sourcecode.swift; path = Constants.swift; sourceTree = "<group>"; };
		907683052D585BEC002F3FEF /* UINSController.swift */ = {isa = PBXFileReference; lastKnownFileType = sourcecode.swift; path = UINSController.swift; sourceTree = "<group>"; };
		907683072D585C62002F3FEF /* NotificationName.swift */ = {isa = PBXFileReference; lastKnownFileType = sourcecode.swift; path = NotificationName.swift; sourceTree = "<group>"; };
		9076830B2D58687C002F3FEF /* CoreData.swift */ = {isa = PBXFileReference; lastKnownFileType = sourcecode.swift; path = CoreData.swift; sourceTree = "<group>"; };
		907683492D586C64002F3FEF /* PageControlRoute.swift */ = {isa = PBXFileReference; lastKnownFileType = sourcecode.swift; path = PageControlRoute.swift; sourceTree = "<group>"; };
		9076834B2D586EA6002F3FEF /* UIViewController.swift */ = {isa = PBXFileReference; lastKnownFileType = sourcecode.swift; path = UIViewController.swift; sourceTree = "<group>"; };
		9076834D2D5873A1002F3FEF /* UIApplication.swift */ = {isa = PBXFileReference; lastKnownFileType = sourcecode.swift; path = UIApplication.swift; sourceTree = "<group>"; };
		907683552D587516002F3FEF /* WelcomeController.swift */ = {isa = PBXFileReference; lastKnownFileType = sourcecode.swift; path = WelcomeController.swift; sourceTree = "<group>"; };
		907683592D58766F002F3FEF /* TabBarController.swift */ = {isa = PBXFileReference; lastKnownFileType = sourcecode.swift; path = TabBarController.swift; sourceTree = "<group>"; };
		9076836D2D587823002F3FEF /* UserListController.swift */ = {isa = PBXFileReference; lastKnownFileType = sourcecode.swift; path = UserListController.swift; sourceTree = "<group>"; };
		907683702D587844002F3FEF /* CommunityController.swift */ = {isa = PBXFileReference; lastKnownFileType = sourcecode.swift; path = CommunityController.swift; sourceTree = "<group>"; };
		907683722D58784E002F3FEF /* MeController.swift */ = {isa = PBXFileReference; lastKnownFileType = sourcecode.swift; path = MeController.swift; sourceTree = "<group>"; };
		907683752D58793B002F3FEF /* NetWorkManager.swift */ = {isa = PBXFileReference; lastKnownFileType = sourcecode.swift; path = NetWorkManager.swift; sourceTree = "<group>"; };
		907683772D587948002F3FEF /* CacheManager.swift */ = {isa = PBXFileReference; lastKnownFileType = sourcecode.swift; path = CacheManager.swift; sourceTree = "<group>"; };
		907683792D587959002F3FEF /* VideoPalyerManager.swift */ = {isa = PBXFileReference; lastKnownFileType = sourcecode.swift; path = VideoPalyerManager.swift; sourceTree = "<group>"; };
		9076837B2D587975002F3FEF /* StoreKitManager.swift */ = {isa = PBXFileReference; lastKnownFileType = sourcecode.swift; path = StoreKitManager.swift; sourceTree = "<group>"; };
		9076837D2D58799E002F3FEF /* WebSocketManager.swift */ = {isa = PBXFileReference; lastKnownFileType = sourcecode.swift; path = WebSocketManager.swift; sourceTree = "<group>"; };
		907683822D58841F002F3FEF /* superwild-nax0j.ttf */ = {isa = PBXFileReference; lastKnownFileType = file; path = "superwild-nax0j.ttf"; sourceTree = "<group>"; };
/* End PBXFileReference section */

/* Begin PBXFrameworksBuildPhase section */
		907682C72D585A4E002F3FEF /* Frameworks */ = {
			isa = PBXFrameworksBuildPhase;
			buildActionMask = 2147483647;
			files = (
			);
			runOnlyForDeploymentPostprocessing = 0;
		};
		907682E02D585A50002F3FEF /* Frameworks */ = {
			isa = PBXFrameworksBuildPhase;
			buildActionMask = 2147483647;
			files = (
			);
			runOnlyForDeploymentPostprocessing = 0;
		};
		907682EA2D585A50002F3FEF /* Frameworks */ = {
			isa = PBXFrameworksBuildPhase;
			buildActionMask = 2147483647;
			files = (
			);
			runOnlyForDeploymentPostprocessing = 0;
		};
/* End PBXFrameworksBuildPhase section */

/* Begin PBXGroup section */
		907682C12D585A4E002F3FEF = {
			isa = PBXGroup;
			children = (
				907682CC2D585A4E002F3FEF /* IOS_UIKit */,
				907682E62D585A50002F3FEF /* IOS_UIKitTests */,
				907682F02D585A50002F3FEF /* IOS_UIKitUITests */,
				907682CB2D585A4E002F3FEF /* Products */,
			);
			sourceTree = "<group>";
		};
		907682CB2D585A4E002F3FEF /* Products */ = {
			isa = PBXGroup;
			children = (
				907682CA2D585A4E002F3FEF /* IOS_UIKit.app */,
				907682E32D585A50002F3FEF /* IOS_UIKitTests.xctest */,
				907682ED2D585A50002F3FEF /* IOS_UIKitUITests.xctest */,
			);
			name = Products;
			sourceTree = "<group>";
		};
		907682CC2D585A4E002F3FEF /* IOS_UIKit */ = {
			isa = PBXGroup;
			children = (
				907682CD2D585A4E002F3FEF /* AppDelegate.swift */,
				907682D12D585A4E002F3FEF /* ViewController.swift */,
				907682D92D585A50002F3FEF /* Assets.xcassets */,
				907682DB2D585A50002F3FEF /* LaunchScreen.storyboard */,
				907682DE2D585A50002F3FEF /* Info.plist */,
				907682D62D585A4E002F3FEF /* IOS_UIKit.xcdatamodeld */,
				907683022D585B10002F3FEF /* Constants.swift */,
				907683072D585C62002F3FEF /* NotificationName.swift */,
				907683572D587636002F3FEF /* Resource */,
				9076834F2D587444002F3FEF /* Program */,
				907683482D586C40002F3FEF /* PageControl */,
				907683742D587921002F3FEF /* Manager */,
				907683092D586861002F3FEF /* Data */,
				907683042D585BC0002F3FEF /* UIExample */,
				907683002D585ACE002F3FEF /* Extension */,
			);
			path = IOS_UIKit;
			sourceTree = "<group>";
		};
		907682E62D585A50002F3FEF /* IOS_UIKitTests */ = {
			isa = PBXGroup;
			children = (
				907682E72D585A50002F3FEF /* IOS_UIKitTests.swift */,
			);
			path = IOS_UIKitTests;
			sourceTree = "<group>";
		};
		907682F02D585A50002F3FEF /* IOS_UIKitUITests */ = {
			isa = PBXGroup;
			children = (
				907682F12D585A50002F3FEF /* IOS_UIKitUITests.swift */,
				907682F32D585A50002F3FEF /* IOS_UIKitUITestsLaunchTests.swift */,
			);
			path = IOS_UIKitUITests;
			sourceTree = "<group>";
		};
		907683002D585ACE002F3FEF /* Extension */ = {
			isa = PBXGroup;
			children = (
				9076834B2D586EA6002F3FEF /* UIViewController.swift */,
				9076834D2D5873A1002F3FEF /* UIApplication.swift */,
			);
			path = Extension;
			sourceTree = "<group>";
		};
		907683042D585BC0002F3FEF /* UIExample */ = {
			isa = PBXGroup;
			children = (
				907683052D585BEC002F3FEF /* UINSController.swift */,
			);
			path = UIExample;
			sourceTree = "<group>";
		};
		907683092D586861002F3FEF /* Data */ = {
			isa = PBXGroup;
			children = (
				9076830A2D58686E002F3FEF /* JSON */,
				9076830B2D58687C002F3FEF /* CoreData.swift */,
			);
			path = Data;
			sourceTree = "<group>";
		};
		9076830A2D58686E002F3FEF /* JSON */ = {
			isa = PBXGroup;
			children = (
			);
			path = JSON;
			sourceTree = "<group>";
		};
		907683482D586C40002F3FEF /* PageControl */ = {
			isa = PBXGroup;
			children = (
				907683492D586C64002F3FEF /* PageControlRoute.swift */,
			);
			path = PageControl;
			sourceTree = "<group>";
		};
		9076834F2D587444002F3FEF /* Program */ = {
			isa = PBXGroup;
			children = (
				9076835D2D5877A4002F3FEF /* Me */,
				9076835C2D58778E002F3FEF /* Community */,
				9076835B2D587780002F3FEF /* UserList */,
				907683582D58765A002F3FEF /* TabBar */,
				907683502D5874D8002F3FEF /* Login */,
			);
			path = Program;
			sourceTree = "<group>";
		};
		907683502D5874D8002F3FEF /* Login */ = {
			isa = PBXGroup;
			children = (
				907683532D5874E6002F3FEF /* API */,
				907683522D5874E2002F3FEF /* Model */,
				907683542D5874F3002F3FEF /* ViewModel */,
				907683512D5874DD002F3FEF /* Controller */,
			);
			path = Login;
			sourceTree = "<group>";
		};
		907683512D5874DD002F3FEF /* Controller */ = {
			isa = PBXGroup;
			children = (
				907683552D587516002F3FEF /* WelcomeController.swift */,
			);
			path = Controller;
			sourceTree = "<group>";
		};
		907683522D5874E2002F3FEF /* Model */ = {
			isa = PBXGroup;
			children = (
			);
			path = Model;
			sourceTree = "<group>";
		};
		907683532D5874E6002F3FEF /* API */ = {
			isa = PBXGroup;
			children = (
			);
			path = API;
			sourceTree = "<group>";
		};
		907683542D5874F3002F3FEF /* ViewModel */ = {
			isa = PBXGroup;
			children = (
			);
			path = ViewModel;
			sourceTree = "<group>";
		};
		907683572D587636002F3FEF /* Resource */ = {
			isa = PBXGroup;
			children = (
				9076837F2D588223002F3FEF /* TTF */,
			);
			path = Resource;
			sourceTree = "<group>";
		};
		907683582D58765A002F3FEF /* TabBar */ = {
			isa = PBXGroup;
			children = (
				907683592D58766F002F3FEF /* TabBarController.swift */,
			);
			path = TabBar;
			sourceTree = "<group>";
		};
		9076835B2D587780002F3FEF /* UserList */ = {
			isa = PBXGroup;
			children = (
				907683622D5877CD002F3FEF /* API */,
				907683612D5877C8002F3FEF /* View */,
				907683602D5877C4002F3FEF /* Model */,
				9076835F2D5877BF002F3FEF /* ViewModel */,
				9076835E2D5877B0002F3FEF /* Controller */,
			);
			path = UserList;
			sourceTree = "<group>";
		};
		9076835C2D58778E002F3FEF /* Community */ = {
			isa = PBXGroup;
			children = (
				907683672D5877F5002F3FEF /* API */,
				907683662D5877EF002F3FEF /* View */,
				907683652D5877EA002F3FEF /* Model */,
				907683642D5877E4002F3FEF /* ViewModel */,
				907683632D5877DB002F3FEF /* Controller */,
			);
			path = Community;
			sourceTree = "<group>";
		};
		9076835D2D5877A4002F3FEF /* Me */ = {
			isa = PBXGroup;
			children = (
				9076836C2D587811002F3FEF /* API */,
				9076836B2D58780D002F3FEF /* View */,
				9076836A2D587808002F3FEF /* Model */,
				907683692D587801002F3FEF /* ViewModel */,
				907683682D5877FC002F3FEF /* Controller */,
			);
			path = Me;
			sourceTree = "<group>";
		};
		9076835E2D5877B0002F3FEF /* Controller */ = {
			isa = PBXGroup;
			children = (
				9076836D2D587823002F3FEF /* UserListController.swift */,
			);
			path = Controller;
			sourceTree = "<group>";
		};
		9076835F2D5877BF002F3FEF /* ViewModel */ = {
			isa = PBXGroup;
			children = (
			);
			path = ViewModel;
			sourceTree = "<group>";
		};
		907683602D5877C4002F3FEF /* Model */ = {
			isa = PBXGroup;
			children = (
			);
			path = Model;
			sourceTree = "<group>";
		};
		907683612D5877C8002F3FEF /* View */ = {
			isa = PBXGroup;
			children = (
			);
			path = View;
			sourceTree = "<group>";
		};
		907683622D5877CD002F3FEF /* API */ = {
			isa = PBXGroup;
			children = (
			);
			path = API;
			sourceTree = "<group>";
		};
		907683632D5877DB002F3FEF /* Controller */ = {
			isa = PBXGroup;
			children = (
				907683702D587844002F3FEF /* CommunityController.swift */,
			);
			path = Controller;
			sourceTree = "<group>";
		};
		907683642D5877E4002F3FEF /* ViewModel */ = {
			isa = PBXGroup;
			children = (
			);
			path = ViewModel;
			sourceTree = "<group>";
		};
		907683652D5877EA002F3FEF /* Model */ = {
			isa = PBXGroup;
			children = (
			);
			path = Model;
			sourceTree = "<group>";
		};
		907683662D5877EF002F3FEF /* View */ = {
			isa = PBXGroup;
			children = (
			);
			path = View;
			sourceTree = "<group>";
		};
		907683672D5877F5002F3FEF /* API */ = {
			isa = PBXGroup;
			children = (
			);
			path = API;
			sourceTree = "<group>";
		};
		907683682D5877FC002F3FEF /* Controller */ = {
			isa = PBXGroup;
			children = (
				907683722D58784E002F3FEF /* MeController.swift */,
			);
			path = Controller;
			sourceTree = "<group>";
		};
		907683692D587801002F3FEF /* ViewModel */ = {
			isa = PBXGroup;
			children = (
			);
			path = ViewModel;
			sourceTree = "<group>";
		};
		9076836A2D587808002F3FEF /* Model */ = {
			isa = PBXGroup;
			children = (
			);
			path = Model;
			sourceTree = "<group>";
		};
		9076836B2D58780D002F3FEF /* View */ = {
			isa = PBXGroup;
			children = (
			);
			path = View;
			sourceTree = "<group>";
		};
		9076836C2D587811002F3FEF /* API */ = {
			isa = PBXGroup;
			children = (
			);
			path = API;
			sourceTree = "<group>";
		};
		907683742D587921002F3FEF /* Manager */ = {
			isa = PBXGroup;
			children = (
				907683752D58793B002F3FEF /* NetWorkManager.swift */,
				907683772D587948002F3FEF /* CacheManager.swift */,
				907683792D587959002F3FEF /* VideoPalyerManager.swift */,
				9076837B2D587975002F3FEF /* StoreKitManager.swift */,
				9076837D2D58799E002F3FEF /* WebSocketManager.swift */,
				9057C65A2D588C80003C345E /* BaseFunManager.swift */,
			);
			path = Manager;
			sourceTree = "<group>";
		};
		9076837F2D588223002F3FEF /* TTF */ = {
			isa = PBXGroup;
			children = (
				9057C65C2D5896CE003C345E /* shiyidelucheng.ttf */,
				907683822D58841F002F3FEF /* superwild-nax0j.ttf */,
			);
			path = TTF;
			sourceTree = "<group>";
		};
/* End PBXGroup section */

/* Begin PBXNativeTarget section */
		907682C92D585A4E002F3FEF /* IOS_UIKit */ = {
			isa = PBXNativeTarget;
			buildConfigurationList = 907682F72D585A50002F3FEF /* Build configuration list for PBXNativeTarget "IOS_UIKit" */;
			buildPhases = (
				907682C62D585A4E002F3FEF /* Sources */,
				907682C72D585A4E002F3FEF /* Frameworks */,
				907682C82D585A4E002F3FEF /* Resources */,
			);
			buildRules = (
			);
			dependencies = (
			);
			name = IOS_UIKit;
			productName = IOS_UIKit;
			productReference = 907682CA2D585A4E002F3FEF /* IOS_UIKit.app */;
			productType = "com.apple.product-type.application";
		};
		907682E22D585A50002F3FEF /* IOS_UIKitTests */ = {
			isa = PBXNativeTarget;
			buildConfigurationList = 907682FA2D585A50002F3FEF /* Build configuration list for PBXNativeTarget "IOS_UIKitTests" */;
			buildPhases = (
				907682DF2D585A50002F3FEF /* Sources */,
				907682E02D585A50002F3FEF /* Frameworks */,
				907682E12D585A50002F3FEF /* Resources */,
			);
			buildRules = (
			);
			dependencies = (
				907682E52D585A50002F3FEF /* PBXTargetDependency */,
			);
			name = IOS_UIKitTests;
			productName = IOS_UIKitTests;
			productReference = 907682E32D585A50002F3FEF /* IOS_UIKitTests.xctest */;
			productType = "com.apple.product-type.bundle.unit-test";
		};
		907682EC2D585A50002F3FEF /* IOS_UIKitUITests */ = {
			isa = PBXNativeTarget;
			buildConfigurationList = 907682FD2D585A50002F3FEF /* Build configuration list for PBXNativeTarget "IOS_UIKitUITests" */;
			buildPhases = (
				907682E92D585A50002F3FEF /* Sources */,
				907682EA2D585A50002F3FEF /* Frameworks */,
				907682EB2D585A50002F3FEF /* Resources */,
			);
			buildRules = (
			);
			dependencies = (
				907682EF2D585A50002F3FEF /* PBXTargetDependency */,
			);
			name = IOS_UIKitUITests;
			productName = IOS_UIKitUITests;
			productReference = 907682ED2D585A50002F3FEF /* IOS_UIKitUITests.xctest */;
			productType = "com.apple.product-type.bundle.ui-testing";
		};
/* End PBXNativeTarget section */

/* Begin PBXProject section */
		907682C22D585A4E002F3FEF /* Project object */ = {
			isa = PBXProject;
			attributes = {
				BuildIndependentTargetsInParallel = 1;
				LastSwiftUpdateCheck = 1540;
				LastUpgradeCheck = 1540;
				TargetAttributes = {
					907682C92D585A4E002F3FEF = {
						CreatedOnToolsVersion = 15.4;
					};
					907682E22D585A50002F3FEF = {
						CreatedOnToolsVersion = 15.4;
						TestTargetID = 907682C92D585A4E002F3FEF;
					};
					907682EC2D585A50002F3FEF = {
						CreatedOnToolsVersion = 15.4;
						TestTargetID = 907682C92D585A4E002F3FEF;
					};
				};
			};
			buildConfigurationList = 907682C52D585A4E002F3FEF /* Build configuration list for PBXProject "IOS_UIKit" */;
			compatibilityVersion = "Xcode 14.0";
			developmentRegion = en;
			hasScannedForEncodings = 0;
			knownRegions = (
				en,
				Base,
			);
			mainGroup = 907682C12D585A4E002F3FEF;
			productRefGroup = 907682CB2D585A4E002F3FEF /* Products */;
			projectDirPath = "";
			projectRoot = "";
			targets = (
				907682C92D585A4E002F3FEF /* IOS_UIKit */,
				907682E22D585A50002F3FEF /* IOS_UIKitTests */,
				907682EC2D585A50002F3FEF /* IOS_UIKitUITests */,
			);
		};
/* End PBXProject section */

/* Begin PBXResourcesBuildPhase section */
		907682C82D585A4E002F3FEF /* Resources */ = {
			isa = PBXResourcesBuildPhase;
			buildActionMask = 2147483647;
			files = (
				907683832D58841F002F3FEF /* superwild-nax0j.ttf in Resources */,
				907682DA2D585A50002F3FEF /* Assets.xcassets in Resources */,
				907682DD2D585A50002F3FEF /* Base in Resources */,
				9057C65D2D5896CE003C345E /* shiyidelucheng.ttf in Resources */,
			);
			runOnlyForDeploymentPostprocessing = 0;
		};
		907682E12D585A50002F3FEF /* Resources */ = {
			isa = PBXResourcesBuildPhase;
			buildActionMask = 2147483647;
			files = (
			);
			runOnlyForDeploymentPostprocessing = 0;
		};
		907682EB2D585A50002F3FEF /* Resources */ = {
			isa = PBXResourcesBuildPhase;
			buildActionMask = 2147483647;
			files = (
			);
			runOnlyForDeploymentPostprocessing = 0;
		};
/* End PBXResourcesBuildPhase section */

/* Begin PBXSourcesBuildPhase section */
		907682C62D585A4E002F3FEF /* Sources */ = {
			isa = PBXSourcesBuildPhase;
			buildActionMask = 2147483647;
			files = (
				907683062D585BEC002F3FEF /* UINSController.swift in Sources */,
				9057C65B2D588C80003C345E /* BaseFunManager.swift in Sources */,
				907682D22D585A4E002F3FEF /* ViewController.swift in Sources */,
				9076834C2D586EA6002F3FEF /* UIViewController.swift in Sources */,
				907683782D587948002F3FEF /* CacheManager.swift in Sources */,
				907682CE2D585A4E002F3FEF /* AppDelegate.swift in Sources */,
				907683762D58793B002F3FEF /* NetWorkManager.swift in Sources */,
				907682D82D585A4E002F3FEF /* IOS_UIKit.xcdatamodeld in Sources */,
				907683712D587844002F3FEF /* CommunityController.swift in Sources */,
				907683562D587516002F3FEF /* WelcomeController.swift in Sources */,
				9076830C2D58687C002F3FEF /* CoreData.swift in Sources */,
				9076836E2D587823002F3FEF /* UserListController.swift in Sources */,
				9076837E2D58799E002F3FEF /* WebSocketManager.swift in Sources */,
				907683732D58784E002F3FEF /* MeController.swift in Sources */,
				907683082D585C62002F3FEF /* NotificationName.swift in Sources */,
				9076834A2D586C64002F3FEF /* PageControlRoute.swift in Sources */,
				9076837A2D587959002F3FEF /* VideoPalyerManager.swift in Sources */,
				9076837C2D587975002F3FEF /* StoreKitManager.swift in Sources */,
				9076835A2D58766F002F3FEF /* TabBarController.swift in Sources */,
				9076834E2D5873A1002F3FEF /* UIApplication.swift in Sources */,
				907683032D585B10002F3FEF /* Constants.swift in Sources */,
			);
			runOnlyForDeploymentPostprocessing = 0;
		};
		907682DF2D585A50002F3FEF /* Sources */ = {
			isa = PBXSourcesBuildPhase;
			buildActionMask = 2147483647;
			files = (
				907682E82D585A50002F3FEF /* IOS_UIKitTests.swift in Sources */,
			);
			runOnlyForDeploymentPostprocessing = 0;
		};
		907682E92D585A50002F3FEF /* Sources */ = {
			isa = PBXSourcesBuildPhase;
			buildActionMask = 2147483647;
			files = (
				907682F22D585A50002F3FEF /* IOS_UIKitUITests.swift in Sources */,
				907682F42D585A50002F3FEF /* IOS_UIKitUITestsLaunchTests.swift in Sources */,
			);
			runOnlyForDeploymentPostprocessing = 0;
		};
/* End PBXSourcesBuildPhase section */

/* Begin PBXTargetDependency section */
		907682E52D585A50002F3FEF /* PBXTargetDependency */ = {
			isa = PBXTargetDependency;
			target = 907682C92D585A4E002F3FEF /* IOS_UIKit */;
			targetProxy = 907682E42D585A50002F3FEF /* PBXContainerItemProxy */;
		};
		907682EF2D585A50002F3FEF /* PBXTargetDependency */ = {
			isa = PBXTargetDependency;
			target = 907682C92D585A4E002F3FEF /* IOS_UIKit */;
			targetProxy = 907682EE2D585A50002F3FEF /* PBXContainerItemProxy */;
		};
/* End PBXTargetDependency section */

/* Begin PBXVariantGroup section */
		907682DB2D585A50002F3FEF /* LaunchScreen.storyboard */ = {
			isa = PBXVariantGroup;
			children = (
				907682DC2D585A50002F3FEF /* Base */,
			);
			name = LaunchScreen.storyboard;
			sourceTree = "<group>";
		};
/* End PBXVariantGroup section */

/* Begin XCBuildConfiguration section */
		907682F52D585A50002F3FEF /* Debug */ = {
			isa = XCBuildConfiguration;
			buildSettings = {
				ALWAYS_SEARCH_USER_PATHS = NO;
				ASSETCATALOG_COMPILER_GENERATE_SWIFT_ASSET_SYMBOL_EXTENSIONS = YES;
				CLANG_ANALYZER_NONNULL = YES;
				CLANG_ANALYZER_NUMBER_OBJECT_CONVERSION = YES_AGGRESSIVE;
				CLANG_CXX_LANGUAGE_STANDARD = "gnu++20";
				CLANG_ENABLE_MODULES = YES;
				CLANG_ENABLE_OBJC_ARC = YES;
				CLANG_ENABLE_OBJC_WEAK = YES;
				CLANG_WARN_BLOCK_CAPTURE_AUTORELEASING = YES;
				CLANG_WARN_BOOL_CONVERSION = YES;
				CLANG_WARN_COMMA = YES;
				CLANG_WARN_CONSTANT_CONVERSION = YES;
				CLANG_WARN_DEPRECATED_OBJC_IMPLEMENTATIONS = YES;
				CLANG_WARN_DIRECT_OBJC_ISA_USAGE = YES_ERROR;
				CLANG_WARN_DOCUMENTATION_COMMENTS = YES;
				CLANG_WARN_EMPTY_BODY = YES;
				CLANG_WARN_ENUM_CONVERSION = YES;
				CLANG_WARN_INFINITE_RECURSION = YES;
				CLANG_WARN_INT_CONVERSION = YES;
				CLANG_WARN_NON_LITERAL_NULL_CONVERSION = YES;
				CLANG_WARN_OBJC_IMPLICIT_RETAIN_SELF = YES;
				CLANG_WARN_OBJC_LITERAL_CONVERSION = YES;
				CLANG_WARN_OBJC_ROOT_CLASS = YES_ERROR;
				CLANG_WARN_QUOTED_INCLUDE_IN_FRAMEWORK_HEADER = YES;
				CLANG_WARN_RANGE_LOOP_ANALYSIS = YES;
				CLANG_WARN_STRICT_PROTOTYPES = YES;
				CLANG_WARN_SUSPICIOUS_MOVE = YES;
				CLANG_WARN_UNGUARDED_AVAILABILITY = YES_AGGRESSIVE;
				CLANG_WARN_UNREACHABLE_CODE = YES;
				CLANG_WARN__DUPLICATE_METHOD_MATCH = YES;
				COPY_PHASE_STRIP = NO;
				DEBUG_INFORMATION_FORMAT = dwarf;
				ENABLE_STRICT_OBJC_MSGSEND = YES;
				ENABLE_TESTABILITY = YES;
				ENABLE_USER_SCRIPT_SANDBOXING = YES;
				GCC_C_LANGUAGE_STANDARD = gnu17;
				GCC_DYNAMIC_NO_PIC = NO;
				GCC_NO_COMMON_BLOCKS = YES;
				GCC_OPTIMIZATION_LEVEL = 0;
				GCC_PREPROCESSOR_DEFINITIONS = (
					"DEBUG=1",
					"$(inherited)",
				);
				GCC_WARN_64_TO_32_BIT_CONVERSION = YES;
				GCC_WARN_ABOUT_RETURN_TYPE = YES_ERROR;
				GCC_WARN_UNDECLARED_SELECTOR = YES;
				GCC_WARN_UNINITIALIZED_AUTOS = YES_AGGRESSIVE;
				GCC_WARN_UNUSED_FUNCTION = YES;
				GCC_WARN_UNUSED_VARIABLE = YES;
				IPHONEOS_DEPLOYMENT_TARGET = 17.5;
				LOCALIZATION_PREFERS_STRING_CATALOGS = YES;
				MTL_ENABLE_DEBUG_INFO = INCLUDE_SOURCE;
				MTL_FAST_MATH = YES;
				ONLY_ACTIVE_ARCH = YES;
				SDKROOT = iphoneos;
				SWIFT_ACTIVE_COMPILATION_CONDITIONS = "DEBUG $(inherited)";
				SWIFT_OPTIMIZATION_LEVEL = "-Onone";
			};
			name = Debug;
		};
		907682F62D585A50002F3FEF /* Release */ = {
			isa = XCBuildConfiguration;
			buildSettings = {
				ALWAYS_SEARCH_USER_PATHS = NO;
				ASSETCATALOG_COMPILER_GENERATE_SWIFT_ASSET_SYMBOL_EXTENSIONS = YES;
				CLANG_ANALYZER_NONNULL = YES;
				CLANG_ANALYZER_NUMBER_OBJECT_CONVERSION = YES_AGGRESSIVE;
				CLANG_CXX_LANGUAGE_STANDARD = "gnu++20";
				CLANG_ENABLE_MODULES = YES;
				CLANG_ENABLE_OBJC_ARC = YES;
				CLANG_ENABLE_OBJC_WEAK = YES;
				CLANG_WARN_BLOCK_CAPTURE_AUTORELEASING = YES;
				CLANG_WARN_BOOL_CONVERSION = YES;
				CLANG_WARN_COMMA = YES;
				CLANG_WARN_CONSTANT_CONVERSION = YES;
				CLANG_WARN_DEPRECATED_OBJC_IMPLEMENTATIONS = YES;
				CLANG_WARN_DIRECT_OBJC_ISA_USAGE = YES_ERROR;
				CLANG_WARN_DOCUMENTATION_COMMENTS = YES;
				CLANG_WARN_EMPTY_BODY = YES;
				CLANG_WARN_ENUM_CONVERSION = YES;
				CLANG_WARN_INFINITE_RECURSION = YES;
				CLANG_WARN_INT_CONVERSION = YES;
				CLANG_WARN_NON_LITERAL_NULL_CONVERSION = YES;
				CLANG_WARN_OBJC_IMPLICIT_RETAIN_SELF = YES;
				CLANG_WARN_OBJC_LITERAL_CONVERSION = YES;
				CLANG_WARN_OBJC_ROOT_CLASS = YES_ERROR;
				CLANG_WARN_QUOTED_INCLUDE_IN_FRAMEWORK_HEADER = YES;
				CLANG_WARN_RANGE_LOOP_ANALYSIS = YES;
				CLANG_WARN_STRICT_PROTOTYPES = YES;
				CLANG_WARN_SUSPICIOUS_MOVE = YES;
				CLANG_WARN_UNGUARDED_AVAILABILITY = YES_AGGRESSIVE;
				CLANG_WARN_UNREACHABLE_CODE = YES;
				CLANG_WARN__DUPLICATE_METHOD_MATCH = YES;
				COPY_PHASE_STRIP = NO;
				DEBUG_INFORMATION_FORMAT = "dwarf-with-dsym";
				ENABLE_NS_ASSERTIONS = NO;
				ENABLE_STRICT_OBJC_MSGSEND = YES;
				ENABLE_USER_SCRIPT_SANDBOXING = YES;
				GCC_C_LANGUAGE_STANDARD = gnu17;
				GCC_NO_COMMON_BLOCKS = YES;
				GCC_WARN_64_TO_32_BIT_CONVERSION = YES;
				GCC_WARN_ABOUT_RETURN_TYPE = YES_ERROR;
				GCC_WARN_UNDECLARED_SELECTOR = YES;
				GCC_WARN_UNINITIALIZED_AUTOS = YES_AGGRESSIVE;
				GCC_WARN_UNUSED_FUNCTION = YES;
				GCC_WARN_UNUSED_VARIABLE = YES;
				IPHONEOS_DEPLOYMENT_TARGET = 17.5;
				LOCALIZATION_PREFERS_STRING_CATALOGS = YES;
				MTL_ENABLE_DEBUG_INFO = NO;
				MTL_FAST_MATH = YES;
				SDKROOT = iphoneos;
				SWIFT_COMPILATION_MODE = wholemodule;
				VALIDATE_PRODUCT = YES;
			};
			name = Release;
		};
		907682F82D585A50002F3FEF /* Debug */ = {
			isa = XCBuildConfiguration;
			buildSettings = {
				ASSETCATALOG_COMPILER_APPICON_NAME = AppIcon;
				ASSETCATALOG_COMPILER_GLOBAL_ACCENT_COLOR_NAME = AccentColor;
				CODE_SIGN_STYLE = Automatic;
				CURRENT_PROJECT_VERSION = 1;
				DEVELOPMENT_TEAM = RWJDFZVY8D;
				GENERATE_INFOPLIST_FILE = YES;
				INFOPLIST_FILE = IOS_UIKit/Info.plist;
				INFOPLIST_KEY_UIApplicationSupportsIndirectInputEvents = YES;
				INFOPLIST_KEY_UILaunchStoryboardName = LaunchScreen;
				INFOPLIST_KEY_UIMainStoryboardFile = "";
				INFOPLIST_KEY_UISupportedInterfaceOrientations_iPad = "UIInterfaceOrientationPortrait UIInterfaceOrientationPortraitUpsideDown UIInterfaceOrientationLandscapeLeft UIInterfaceOrientationLandscapeRight";
				INFOPLIST_KEY_UISupportedInterfaceOrientations_iPhone = "UIInterfaceOrientationPortrait UIInterfaceOrientationLandscapeLeft UIInterfaceOrientationLandscapeRight";
				LD_RUNPATH_SEARCH_PATHS = (
					"$(inherited)",
					"@executable_path/Frameworks",
				);
				MARKETING_VERSION = 1.0;
				PRODUCT_BUNDLE_IDENTIFIER = "com.Work.IOS-UIKit";
				PRODUCT_NAME = "$(TARGET_NAME)";
				SWIFT_EMIT_LOC_STRINGS = YES;
				SWIFT_VERSION = 5.0;
				TARGETED_DEVICE_FAMILY = "1,2";
			};
			name = Debug;
		};
		907682F92D585A50002F3FEF /* Release */ = {
			isa = XCBuildConfiguration;
			buildSettings = {
				ASSETCATALOG_COMPILER_APPICON_NAME = AppIcon;
				ASSETCATALOG_COMPILER_GLOBAL_ACCENT_COLOR_NAME = AccentColor;
				CODE_SIGN_STYLE = Automatic;
				CURRENT_PROJECT_VERSION = 1;
				DEVELOPMENT_TEAM = RWJDFZVY8D;
				GENERATE_INFOPLIST_FILE = YES;
				INFOPLIST_FILE = IOS_UIKit/Info.plist;
				INFOPLIST_KEY_UIApplicationSupportsIndirectInputEvents = YES;
				INFOPLIST_KEY_UILaunchStoryboardName = LaunchScreen;
				INFOPLIST_KEY_UIMainStoryboardFile = "";
				INFOPLIST_KEY_UISupportedInterfaceOrientations_iPad = "UIInterfaceOrientationPortrait UIInterfaceOrientationPortraitUpsideDown UIInterfaceOrientationLandscapeLeft UIInterfaceOrientationLandscapeRight";
				INFOPLIST_KEY_UISupportedInterfaceOrientations_iPhone = "UIInterfaceOrientationPortrait UIInterfaceOrientationLandscapeLeft UIInterfaceOrientationLandscapeRight";
				LD_RUNPATH_SEARCH_PATHS = (
					"$(inherited)",
					"@executable_path/Frameworks",
				);
				MARKETING_VERSION = 1.0;
				PRODUCT_BUNDLE_IDENTIFIER = "com.Work.IOS-UIKit";
				PRODUCT_NAME = "$(TARGET_NAME)";
				SWIFT_EMIT_LOC_STRINGS = YES;
				SWIFT_VERSION = 5.0;
				TARGETED_DEVICE_FAMILY = "1,2";
			};
			name = Release;
		};
		907682FB2D585A50002F3FEF /* Debug */ = {
			isa = XCBuildConfiguration;
			buildSettings = {
				ALWAYS_EMBED_SWIFT_STANDARD_LIBRARIES = YES;
				BUNDLE_LOADER = "$(TEST_HOST)";
				CODE_SIGN_STYLE = Automatic;
				CURRENT_PROJECT_VERSION = 1;
				DEVELOPMENT_TEAM = RWJDFZVY8D;
				GENERATE_INFOPLIST_FILE = YES;
				IPHONEOS_DEPLOYMENT_TARGET = 17.5;
				MARKETING_VERSION = 1.0;
				PRODUCT_BUNDLE_IDENTIFIER = "com.Work.IOS-UIKitTests";
				PRODUCT_NAME = "$(TARGET_NAME)";
				SWIFT_EMIT_LOC_STRINGS = NO;
				SWIFT_VERSION = 5.0;
				TARGETED_DEVICE_FAMILY = "1,2";
				TEST_HOST = "$(BUILT_PRODUCTS_DIR)/IOS_UIKit.app/$(BUNDLE_EXECUTABLE_FOLDER_PATH)/IOS_UIKit";
			};
			name = Debug;
		};
		907682FC2D585A50002F3FEF /* Release */ = {
			isa = XCBuildConfiguration;
			buildSettings = {
				ALWAYS_EMBED_SWIFT_STANDARD_LIBRARIES = YES;
				BUNDLE_LOADER = "$(TEST_HOST)";
				CODE_SIGN_STYLE = Automatic;
				CURRENT_PROJECT_VERSION = 1;
				DEVELOPMENT_TEAM = RWJDFZVY8D;
				GENERATE_INFOPLIST_FILE = YES;
				IPHONEOS_DEPLOYMENT_TARGET = 17.5;
				MARKETING_VERSION = 1.0;
				PRODUCT_BUNDLE_IDENTIFIER = "com.Work.IOS-UIKitTests";
				PRODUCT_NAME = "$(TARGET_NAME)";
				SWIFT_EMIT_LOC_STRINGS = NO;
				SWIFT_VERSION = 5.0;
				TARGETED_DEVICE_FAMILY = "1,2";
				TEST_HOST = "$(BUILT_PRODUCTS_DIR)/IOS_UIKit.app/$(BUNDLE_EXECUTABLE_FOLDER_PATH)/IOS_UIKit";
			};
			name = Release;
		};
		907682FE2D585A50002F3FEF /* Debug */ = {
			isa = XCBuildConfiguration;
			buildSettings = {
				ALWAYS_EMBED_SWIFT_STANDARD_LIBRARIES = YES;
				CODE_SIGN_STYLE = Automatic;
				CURRENT_PROJECT_VERSION = 1;
				DEVELOPMENT_TEAM = RWJDFZVY8D;
				GENERATE_INFOPLIST_FILE = YES;
				MARKETING_VERSION = 1.0;
				PRODUCT_BUNDLE_IDENTIFIER = "com.Work.IOS-UIKitUITests";
				PRODUCT_NAME = "$(TARGET_NAME)";
				SWIFT_EMIT_LOC_STRINGS = NO;
				SWIFT_VERSION = 5.0;
				TARGETED_DEVICE_FAMILY = "1,2";
				TEST_TARGET_NAME = IOS_UIKit;
			};
			name = Debug;
		};
		907682FF2D585A50002F3FEF /* Release */ = {
			isa = XCBuildConfiguration;
			buildSettings = {
				ALWAYS_EMBED_SWIFT_STANDARD_LIBRARIES = YES;
				CODE_SIGN_STYLE = Automatic;
				CURRENT_PROJECT_VERSION = 1;
				DEVELOPMENT_TEAM = RWJDFZVY8D;
				GENERATE_INFOPLIST_FILE = YES;
				MARKETING_VERSION = 1.0;
				PRODUCT_BUNDLE_IDENTIFIER = "com.Work.IOS-UIKitUITests";
				PRODUCT_NAME = "$(TARGET_NAME)";
				SWIFT_EMIT_LOC_STRINGS = NO;
				SWIFT_VERSION = 5.0;
				TARGETED_DEVICE_FAMILY = "1,2";
				TEST_TARGET_NAME = IOS_UIKit;
			};
			name = Release;
		};
/* End XCBuildConfiguration section */

/* Begin XCConfigurationList section */
		907682C52D585A4E002F3FEF /* Build configuration list for PBXProject "IOS_UIKit" */ = {
			isa = XCConfigurationList;
			buildConfigurations = (
				907682F52D585A50002F3FEF /* Debug */,
				907682F62D585A50002F3FEF /* Release */,
			);
			defaultConfigurationIsVisible = 0;
			defaultConfigurationName = Release;
		};
		907682F72D585A50002F3FEF /* Build configuration list for PBXNativeTarget "IOS_UIKit" */ = {
			isa = XCConfigurationList;
			buildConfigurations = (
				907682F82D585A50002F3FEF /* Debug */,
				907682F92D585A50002F3FEF /* Release */,
			);
			defaultConfigurationIsVisible = 0;
			defaultConfigurationName = Release;
		};
		907682FA2D585A50002F3FEF /* Build configuration list for PBXNativeTarget "IOS_UIKitTests" */ = {
			isa = XCConfigurationList;
			buildConfigurations = (
				907682FB2D585A50002F3FEF /* Debug */,
				907682FC2D585A50002F3FEF /* Release */,
			);
			defaultConfigurationIsVisible = 0;
			defaultConfigurationName = Release;
		};
		907682FD2D585A50002F3FEF /* Build configuration list for PBXNativeTarget "IOS_UIKitUITests" */ = {
			isa = XCConfigurationList;
			buildConfigurations = (
				907682FE2D585A50002F3FEF /* Debug */,
				907682FF2D585A50002F3FEF /* Release */,
			);
			defaultConfigurationIsVisible = 0;
			defaultConfigurationName = Release;
		};
/* End XCConfigurationList section */

/* Begin XCVersionGroup section */
		907682D62D585A4E002F3FEF /* IOS_UIKit.xcdatamodeld */ = {
			isa = XCVersionGroup;
			children = (
				907682D72D585A4E002F3FEF /* IOS_UIKit.xcdatamodel */,
			);
			currentVersion = 907682D72D585A4E002F3FEF /* IOS_UIKit.xcdatamodel */;
			path = IOS_UIKit.xcdatamodeld;
			sourceTree = "<group>";
			versionGroupType = wrapper.xcdatamodel;
		};
/* End XCVersionGroup section */
	};
	rootObject = 907682C22D585A4E002F3FEF /* Project object */;
}
